
Microsoft Visual Studio Solution File, Format Version 12.00
# Visual Studio 14
VisualStudioVersion = 14.0.24720.0
MinimumVisualStudioVersion = 10.0.40219.1
Project("{8BC9CEB8-8B4A-11D0-8D11-00A0C91BC942}") = "Tutorial 01", "Tutorial 01\Tutorial 01.vcxproj", "{999C9D49-E65C-4550-8522-6E94F8D49187}"
EndProject
Project("{8BC9CEB8-8B4A-11D0-8D11-00A0C91BC942}") = "Tutorial 02", "Tutorial 02\Tutorial 02.vcxproj", "{91657C46-E11E-4B22-8C11-412D376ACF04}"
EndProject
Project("{8BC9CEB8-8B4A-11D0-8D11-00A0C91BC942}") = "Tutorial 03", "Tutorial 03\Tutorial 03.vcxproj", "{FA1BF8AA-B67D-4A4E-A187-AEE487B08131}"
EndProject
Project("{8BC9CEB8-8B4A-11D0-8D11-00A0C91BC942}") = "Tutorial 04", "Tutorial 04\Tutorial 04.vcxproj", "{B2ABB363-A362-462B-836B-07881931DBA0}"
EndProject
Project("{8BC9CEB8-8B4A-11D0-8D11-00A0C91BC942}") = "Tutorial 05", "Tutorial 05\Tutorial 05.vcxproj", "{F85E72C2-B381-4F91-A625-D16487C82C33}"
EndProject
Global
	GlobalSection(SolutionConfigurationPlatforms) = preSolution
		Debug|x64 = Debug|x64
		Debug|x86 = Debug|x86
		Release|x64 = Release|x64
		Release|x86 = Release|x86
	EndGlobalSection
	GlobalSection(ProjectConfigurationPlatforms) = postSolution
		{999C9D49-E65C-4550-8522-6E94F8D49187}.Debug|x64.ActiveCfg = Debug|x64
		{999C9D49-E65C-4550-8522-6E94F8D49187}.Debug|x64.Build.0 = Debug|x64
		{999C9D49-E65C-4550-8522-6E94F8D49187}.Debug|x86.ActiveCfg = Debug|Win32
		{999C9D49-E65C-4550-8522-6E94F8D49187}.Debug|x86.Build.0 = Debug|Win32
		{999C9D49-E65C-4550-8522-6E94F8D49187}.Release|x64.ActiveCfg = Release|x64
		{999C9D49-E65C-4550-8522-6E94F8D49187}.Release|x64.Build.0 = Release|x64
		{999C9D49-E65C-4550-8522-6E94F8D49187}.Release|x86.ActiveCfg = Release|Win32
		{999C9D49-E65C-4550-8522-6E94F8D49187}.Release|x86.Build.0 = Release|Win32
		{91657C46-E11E-4B22-8C11-412D376ACF04}.Debug|x64.ActiveCfg = Debug|x64
		{91657C46-E11E-4B22-8C11-412D376ACF04}.Debug|x64.Build.0 = Debug|x64
		{91657C46-E11E-4B22-8C11-412D376ACF04}.Debug|x86.ActiveCfg = Debug|Win32
		{91657C46-E11E-4B22-8C11-412D376ACF04}.Debug|x86.Build.0 = Debug|Win32
		{91657C46-E11E-4B22-8C11-412D376ACF04}.Release|x64.ActiveCfg = Release|x64
		{91657C46-E11E-4B22-8C11-412D376ACF04}.Release|x64.Build.0 = Release|x64
		{91657C46-E11E-4B22-8C11-412D376ACF04}.Release|x86.ActiveCfg = Release|Win32
		{91657C46-E11E-4B22-8C11-412D376ACF04}.Release|x86.Build.0 = Release|Win32
		{FA1BF8AA-B67D-4A4E-A187-AEE487B08131}.Debug|x64.ActiveCfg = Debug|x64
		{FA1BF8AA-B67D-4A4E-A187-AEE487B08131}.Debug|x64.Build.0 = Debug|x64
		{FA1BF8AA-B67D-4A4E-A187-AEE487B08131}.Debug|x86.ActiveCfg = Debug|Win32
		{FA1BF8AA-B67D-4A4E-A187-AEE487B08131}.Debug|x86.Build.0 = Debug|Win32
		{FA1BF8AA-B67D-4A4E-A187-AEE487B08131}.Release|x64.ActiveCfg = Release|x64
		{FA1BF8AA-B67D-4A4E-A187-AEE487B08131}.Release|x64.Build.0 = Release|x64
		{FA1BF8AA-B67D-4A4E-A187-AEE487B08131}.Release|x86.ActiveCfg = Release|Win32
		{FA1BF8AA-B67D-4A4E-A187-AEE487B08131}.Release|x86.Build.0 = Release|Win32
		{B2ABB363-A362-462B-836B-07881931DBA0}.Debug|x64.ActiveCfg = Debug|x64
		{B2ABB363-A362-462B-836B-07881931DBA0}.Debug|x64.Build.0 = Debug|x64
		{B2ABB363-A362-462B-836B-07881931DBA0}.Debug|x86.ActiveCfg = Debug|Win32
		{B2ABB363-A362-462B-836B-07881931DBA0}.Debug|x86.Build.0 = Debug|Win32
		{B2ABB363-A362-462B-836B-07881931DBA0}.Release|x64.ActiveCfg = Release|x64
		{B2ABB363-A362-462B-836B-07881931DBA0}.Release|x64.Build.0 = Release|x64
		{B2ABB363-A362-462B-836B-07881931DBA0}.Release|x86.ActiveCfg = Release|Win32
		{B2ABB363-A362-462B-836B-07881931DBA0}.Release|x86.Build.0 = Release|Win32
		{F85E72C2-B381-4F91-A625-D16487C82C33}.Debug|x64.ActiveCfg = Debug|x64
		{F85E72C2-B381-4F91-A625-D16487C82C33}.Debug|x64.Build.0 = Debug|x64
		{F85E72C2-B381-4F91-A625-D16487C82C33}.Debug|x86.ActiveCfg = Debug|Win32
		{F85E72C2-B381-4F91-A625-D16487C82C33}.Debug|x86.Build.0 = Debug|Win32
		{F85E72C2-B381-4F91-A625-D16487C82C33}.Release|x64.ActiveCfg = Release|x64
		{F85E72C2-B381-4F91-A625-D16487C82C33}.Release|x64.Build.0 = Release|x64
		{F85E72C2-B381-4F91-A625-D16487C82C33}.Release|x86.ActiveCfg = Release|Win32
		{F85E72C2-B381-4F91-A625-D16487C82C33}.Release|x86.Build.0 = Release|Win32
	EndGlobalSection
	GlobalSection(SolutionProperties) = preSolution
		HideSolutionNode = FALSE
	EndGlobalSection
EndGlobal
